
Microsoft Visual Studio Solution File, Format Version 12.00
# Visual Studio Version 17
VisualStudioVersion = 17.5.33516.290
MinimumVisualStudioVersion = 10.0.40219.1
Project("{FAE04EC0-301F-11D3-BF4B-00C04F79EFBC}") = "CountyAdjacencyChecker", "CountyAdjacencyChecker\CountyAdjacencyChecker.csproj", "{356AD9F3-9DEE-49EE-9722-706276E36DFE}"
EndProject
Global
	GlobalSection(SolutionConfigurationPlatforms) = preSolution
		Debug|Any CPU = Debug|Any CPU
		Release|Any CPU = Release|Any CPU
	EndGlobalSection
	GlobalSection(ProjectConfigurationPlatforms) = postSolution
		{356AD9F3-9DEE-49EE-9722-706276E36DFE}.Debug|Any CPU.ActiveCfg = Debug|Any CPU
		{356AD9F3-9DEE-49EE-9722-706276E36DFE}.Debug|Any CPU.Build.0 = Debug|Any CPU
		{356AD9F3-9DEE-49EE-9722-706276E36DFE}.Release|Any CPU.ActiveCfg = Release|Any CPU
		{356AD9F3-9DEE-49EE-9722-706276E36DFE}.Release|Any CPU.Build.0 = Release|Any CPU
	EndGlobalSection
	GlobalSection(SolutionProperties) = preSolution
		HideSolutionNode = FALSE
	EndGlobalSection
	GlobalSection(ExtensibilityGlobals) = postSolution
		SolutionGuid = {33736931-2DC6-46E1-BF96-4D0187722E6F}
	EndGlobalSection
EndGlobal
